// !$*UTF8*$!
{
	archiveVersion = 1;
	classes = {
	};
	objectVersion = 46;
	objects = {

/* Begin PBXBuildFile section */
		F068C59B1E28459900C704F1 /* AppDelegate.swift in Sources */ = {isa = PBXBuildFile; fileRef = F068C59A1E28459900C704F1 /* AppDelegate.swift */; };
		F068C59D1E28459900C704F1 /* ViewController.swift in Sources */ = {isa = PBXBuildFile; fileRef = F068C59C1E28459900C704F1 /* ViewController.swift */; };
		F068C5A01E28459A00C704F1 /* Main.storyboard in Resources */ = {isa = PBXBuildFile; fileRef = F068C59E1E28459A00C704F1 /* Main.storyboard */; };
		F068C5A21E28459A00C704F1 /* Assets.xcassets in Resources */ = {isa = PBXBuildFile; fileRef = F068C5A11E28459A00C704F1 /* Assets.xcassets */; };
		F068C5A51E28459A00C704F1 /* LaunchScreen.storyboard in Resources */ = {isa = PBXBuildFile; fileRef = F068C5A31E28459A00C704F1 /* LaunchScreen.storyboard */; };
		F0A4D17F1E3514B0000C4416 /* placeholder.png in Resources */ = {isa = PBXBuildFile; fileRef = F0A4D17E1E3514B0000C4416 /* placeholder.png */; };
/* End PBXBuildFile section */

/* Begin PBXFileReference section */
		F068C5971E28459900C704F1 /* OpenLibrary.app */ = {isa = PBXFileReference; explicitFileType = wrapper.application; includeInIndex = 0; path = OpenLibrary.app; sourceTree = BUILT_PRODUCTS_DIR; };
		F068C59A1E28459900C704F1 /* AppDelegate.swift */ = {isa = PBXFileReference; lastKnownFileType = sourcecode.swift; path = AppDelegate.swift; sourceTree = "<group>"; };
		F068C59C1E28459900C704F1 /* ViewController.swift */ = {isa = PBXFileReference; lastKnownFileType = sourcecode.swift; path = ViewController.swift; sourceTree = "<group>"; };
		F068C59F1E28459A00C704F1 /* Base */ = {isa = PBXFileReference; lastKnownFileType = file.storyboard; name = Base; path = Base.lproj/Main.storyboard; sourceTree = "<group>"; };
		F068C5A11E28459A00C704F1 /* Assets.xcassets */ = {isa = PBXFileReference; lastKnownFileType = folder.assetcatalog; path = Assets.xcassets; sourceTree = "<group>"; };
		F068C5A41E28459A00C704F1 /* Base */ = {isa = PBXFileReference; lastKnownFileType = file.storyboard; name = Base; path = Base.lproj/LaunchScreen.storyboard; sourceTree = "<group>"; };
		F068C5A61E28459A00C704F1 /* Info.plist */ = {isa = PBXFileReference; lastKnownFileType = text.plist.xml; path = Info.plist; sourceTree = "<group>"; };
		F0A4D17E1E3514B0000C4416 /* placeholder.png */ = {isa = PBXFileReference; lastKnownFileType = image.png; path = placeholder.png; sourceTree = "<group>"; };
/* End PBXFileReference section */

/* Begin PBXFrameworksBuildPhase section */
		F068C5941E28459900C704F1 /* Frameworks */ = {
			isa = PBXFrameworksBuildPhase;
			buildActionMask = 2147483647;
			files = (
			);
			runOnlyForDeploymentPostprocessing = 0;
		};
/* End PBXFrameworksBuildPhase section */

/* Begin PBXGroup section */
		F068C58E1E28459900C704F1 = {
			isa = PBXGroup;
			children = (
				F068C5991E28459900C704F1 /* OpenLibrary */,
				F068C5981E28459900C704F1 /* Products */,
			);
			sourceTree = "<group>";
		};
		F068C5981E28459900C704F1 /* Products */ = {
			isa = PBXGroup;
			children = (
				F068C5971E28459900C704F1 /* OpenLibrary.app */,
			);
			name = Products;
			sourceTree = "<group>";
		};
		F068C5991E28459900C704F1 /* OpenLibrary */ = {
			isa = PBXGroup;
			children = (
				F0A4D17E1E3514B0000C4416 /* placeholder.png */,
				F068C59A1E28459900C704F1 /* AppDelegate.swift */,
				F068C59C1E28459900C704F1 /* ViewController.swift */,
				F068C59E1E28459A00C704F1 /* Main.storyboard */,
				F068C5A11E28459A00C704F1 /* Assets.xcassets */,
				F068C5A31E28459A00C704F1 /* LaunchScreen.storyboard */,
				F068C5A61E28459A00C704F1 /* Info.plist */,
			);
			path = OpenLibrary;
			sourceTree = "<group>";
		};
/* End PBXGroup section */

/* Begin PBXNativeTarget section */
		F068C5961E28459900C704F1 /* OpenLibrary */ = {
			isa = PBXNativeTarget;
			buildConfigurationList = F068C5A91E28459A00C704F1 /* Build configuration list for PBXNativeTarget "OpenLibrary" */;
			buildPhases = (
				F068C5931E28459900C704F1 /* Sources */,
				F068C5941E28459900C704F1 /* Frameworks */,
				F068C5951E28459900C704F1 /* Resources */,
			);
			buildRules = (
			);
			dependencies = (
			);
			name = OpenLibrary;
			productName = OpenLibrary;
			productReference = F068C5971E28459900C704F1 /* OpenLibrary.app */;
			productType = "com.apple.product-type.application";
		};
/* End PBXNativeTarget section */

/* Begin PBXProject section */
		F068C58F1E28459900C704F1 /* Project object */ = {
			isa = PBXProject;
			attributes = {
				LastSwiftUpdateCheck = 0810;
				LastUpgradeCheck = 0810;
				ORGANIZATIONNAME = "Jose Duin";
				TargetAttributes = {
					F068C5961E28459900C704F1 = {
						CreatedOnToolsVersion = 8.1;
						DevelopmentTeam = U5DM44JQS9;
						ProvisioningStyle = Automatic;
					};
				};
			};
			buildConfigurationList = F068C5921E28459900C704F1 /* Build configuration list for PBXProject "OpenLibrary" */;
			compatibilityVersion = "Xcode 3.2";
			developmentRegion = English;
			hasScannedForEncodings = 0;
			knownRegions = (
				en,
				Base,
			);
			mainGroup = F068C58E1E28459900C704F1;
			productRefGroup = F068C5981E28459900C704F1 /* Products */;
			projectDirPath = "";
			projectRoot = "";
			targets = (
				F068C5961E28459900C704F1 /* OpenLibrary */,
			);
		};
/* End PBXProject section */

/* Begin PBXResourcesBuildPhase section */
		F068C5951E28459900C704F1 /* Resources */ = {
			isa = PBXResourcesBuildPhase;
			buildActionMask = 2147483647;
			files = (
				F068C5A51E28459A00C704F1 /* LaunchScreen.storyboard in Resources */,
				F0A4D17F1E3514B0000C4416 /* placeholder.png in Resources */,
				F068C5A21E28459A00C704F1 /* Assets.xcassets in Resources */,
				F068C5A01E28459A00C704F1 /* Main.storyboard in Resources */,
			);
			runOnlyForDeploymentPostprocessing = 0;
		};
/* End PBXResourcesBuildPhase section */

/* Begin PBXSourcesBuildPhase section */
		F068C5931E28459900C704F1 /* Sources */ = {
			isa = PBXSourcesBuildPhase;
			buildActionMask = 2147483647;
			files = (
				F068C59D1E28459900C704F1 /* ViewController.swift in Sources */,
				F068C59B1E28459900C704F1 /* AppDelegate.swift in Sources */,
			);
			runOnlyForDeploymentPostprocessing = 0;
		};
/* End PBXSourcesBuildPhase section */

/* Begin PBXVariantGroup section */
		F068C59E1E28459A00C704F1 /* Main.storyboard */ = {
			isa = PBXVariantGroup;
			children = (
				F068C59F1E28459A00C704F1 /* Base */,
			);
			name = Main.storyboard;
			sourceTree = "<group>";
		};
		F068C5A31E28459A00C704F1 /* LaunchScreen.storyboard */ = {
			isa = PBXVariantGroup;
			children = (
				F068C5A41E28459A00C704F1 /* Base */,
			);
			name = LaunchScreen.storyboard;
			sourceTree = "<group>";
		};
/* End PBXVariantGroup section */

/* Begin XCBuildConfiguration section */
		F068C5A71E28459A00C704F1 /* Debug */ = {
			isa = XCBuildConfiguration;
			buildSettings = {
				ALWAYS_SEARCH_USER_PATHS = NO;
				CLANG_ANALYZER_NONNULL = YES;
				CLANG_CXX_LANGUAGE_STANDARD = "gnu++0x";
				CLANG_CXX_LIBRARY = "libc++";
				CLANG_ENABLE_MODULES = YES;
				CLANG_ENABLE_OBJC_ARC = YES;
				CLANG_WARN_BOOL_CONVERSION = YES;
				CLANG_WARN_CONSTANT_CONVERSION = YES;
				CLANG_WARN_DIRECT_OBJC_ISA_USAGE = YES_ERROR;
				CLANG_WARN_DOCUMENTATION_COMMENTS = YES;
				CLANG_WARN_EMPTY_BODY = YES;
				CLANG_WARN_ENUM_CONVERSION = YES;
				CLANG_WARN_INFINITE_RECURSION = YES;
				CLANG_WARN_INT_CONVERSION = YES;
				CLANG_WARN_OBJC_ROOT_CLASS = YES_ERROR;
				CLANG_WARN_SUSPICIOUS_MOVES = YES;
				CLANG_WARN_UNREACHABLE_CODE = YES;
				CLANG_WARN__DUPLICATE_METHOD_MATCH = YES;
				"CODE_SIGN_IDENTITY[sdk=iphoneos*]" = "iPhone Developer";
				COPY_PHASE_STRIP = NO;
				DEBUG_INFORMATION_FORMAT = dwarf;
				ENABLE_STRICT_OBJC_MSGSEND = YES;
				ENABLE_TESTABILITY = YES;
				GCC_C_LANGUAGE_STANDARD = gnu99;
				GCC_DYNAMIC_NO_PIC = NO;
				GCC_NO_COMMON_BLOCKS = YES;
				GCC_OPTIMIZATION_LEVEL = 0;
				GCC_PREPROCESSOR_DEFINITIONS = (
					"DEBUG=1",
					"$(inherited)",
				);
				GCC_WARN_64_TO_32_BIT_CONVERSION = YES;
				GCC_WARN_ABOUT_RETURN_TYPE = YES_ERROR;
				GCC_WARN_UNDECLARED_SELECTOR = YES;
				GCC_WARN_UNINITIALIZED_AUTOS = YES_AGGRESSIVE;
				GCC_WARN_UNUSED_FUNCTION = YES;
				GCC_WARN_UNUSED_VARIABLE = YES;
				IPHONEOS_DEPLOYMENT_TARGET = 10.1;
				MTL_ENABLE_DEBUG_INFO = YES;
				ONLY_ACTIVE_ARCH = YES;
				SDKROOT = iphoneos;
				SWIFT_ACTIVE_COMPILATION_CONDITIONS = DEBUG;
				SWIFT_OPTIMIZATION_LEVEL = "-Onone";
			};
			name = Debug;
		};
		F068C5A81E28459A00C704F1 /* Release */ = {
			isa = XCBuildConfiguration;
			buildSettings = {
				ALWAYS_SEARCH_USER_PATHS = NO;
				CLANG_ANALYZER_NONNULL = YES;
				CLANG_CXX_LANGUAGE_STANDARD = "gnu++0x";
				CLANG_CXX_LIBRARY = "libc++";
				CLANG_ENABLE_MODULES = YES;
				CLANG_ENABLE_OBJC_ARC = YES;
				CLANG_WARN_BOOL_CONVERSION = YES;
				CLANG_WARN_CONSTANT_CONVERSION = YES;
				CLANG_WARN_DIRECT_OBJC_ISA_USAGE = YES_ERROR;
				CLANG_WARN_DOCUMENTATION_COMMENTS = YES;
				CLANG_WARN_EMPTY_BODY = YES;
				CLANG_WARN_ENUM_CONVERSION = YES;
				CLANG_WARN_INFINITE_RECURSION = YES;
				CLANG_WARN_INT_CONVERSION = YES;
				CLANG_WARN_OBJC_ROOT_CLASS = YES_ERROR;
				CLANG_WARN_SUSPICIOUS_MOVES = YES;
				CLANG_WARN_UNREACHABLE_CODE = YES;
				CLANG_WARN__DUPLICATE_METHOD_MATCH = YES;
				"CODE_SIGN_IDENTITY[sdk=iphoneos*]" = "iPhone Developer";
				COPY_PHASE_STRIP = NO;
				DEBUG_INFORMATION_FORMAT = "dwarf-with-dsym";
				ENABLE_NS_ASSERTIONS = NO;
				ENABLE_STRICT_OBJC_MSGSEND = YES;
				GCC_C_LANGUAGE_STANDARD = gnu99;
				GCC_NO_COMMON_BLOCKS = YES;
				GCC_WARN_64_TO_32_BIT_CONVERSION = YES;
				GCC_WARN_ABOUT_RETURN_TYPE = YES_ERROR;
				GCC_WARN_UNDECLARED_SELECTOR = YES;
				GCC_WARN_UNINITIALIZED_AUTOS = YES_AGGRESSIVE;
				GCC_WARN_UNUSED_FUNCTION = YES;
				GCC_WARN_UNUSED_VARIABLE = YES;
				IPHONEOS_DEPLOYMENT_TARGET = 10.1;
				MTL_ENABLE_DEBUG_INFO = NO;
				SDKROOT = iphoneos;
				SWIFT_OPTIMIZATION_LEVEL = "-Owholemodule";
				VALIDATE_PRODUCT = YES;
			};
			name = Release;
		};
		F068C5AA1E28459A00C704F1 /* Debug */ = {
			isa = XCBuildConfiguration;
			buildSettings = {
				ASSETCATALOG_COMPILER_APPICON_NAME = AppIcon;
				DEVELOPMENT_TEAM = U5DM44JQS9;
				INFOPLIST_FILE = OpenLibrary/Info.plist;
				LD_RUNPATH_SEARCH_PATHS = "$(inherited) @executable_path/Frameworks";
				PRODUCT_BUNDLE_IDENTIFIER = coursera.OpenLibrary;
				PRODUCT_NAME = "$(TARGET_NAME)";
				SWIFT_VERSION = 3.0;
			};
			name = Debug;
		};
		F068C5AB1E28459A00C704F1 /* Release */ = {
			isa = XCBuildConfiguration;
			buildSettings = {
				ASSETCATALOG_COMPILER_APPICON_NAME = AppIcon;
				DEVELOPMENT_TEAM = U5DM44JQS9;
				INFOPLIST_FILE = OpenLibrary/Info.plist;
				LD_RUNPATH_SEARCH_PATHS = "$(inherited) @executable_path/Frameworks";
				PRODUCT_BUNDLE_IDENTIFIER = coursera.OpenLibrary;
				PRODUCT_NAME = "$(TARGET_NAME)";
				SWIFT_VERSION = 3.0;
			};
			name = Release;
		};
/* End XCBuildConfiguration section */

/* Begin XCConfigurationList section */
		F068C5921E28459900C704F1 /* Build configuration list for PBXProject "OpenLibrary" */ = {
			isa = XCConfigurationList;
			buildConfigurations = (
				F068C5A71E28459A00C704F1 /* Debug */,
				F068C5A81E28459A00C704F1 /* Release */,
			);
			defaultConfigurationIsVisible = 0;
			defaultConfigurationName = Release;
		};
		F068C5A91E28459A00C704F1 /* Build configuration list for PBXNativeTarget "OpenLibrary" */ = {
			isa = XCConfigurationList;
			buildConfigurations = (
				F068C5AA1E28459A00C704F1 /* Debug */,
				F068C5AB1E28459A00C704F1 /* Release */,
			);
			defaultConfigurationIsVisible = 0;
			defaultConfigurationName = Release;
		};
/* End XCConfigurationList section */
	};
	rootObject = F068C58F1E28459900C704F1 /* Project object */;
}
